// !$*UTF8*$!
{
	archiveVersion = 1;
	classes = {
	};
	objectVersion = 46;
	objects = {

/* Begin PBXBuildFile section */
		538F01A51C7E2D1C008939E0 /* AppDelegate.swift in Sources */ = {isa = PBXBuildFile; fileRef = 538F01A41C7E2D1C008939E0 /* AppDelegate.swift */; };
		538F01A71C7E2D1C008939E0 /* MemeEditorViewController.swift in Sources */ = {isa = PBXBuildFile; fileRef = 538F01A61C7E2D1C008939E0 /* MemeEditorViewController.swift */; };
		538F01AA1C7E2D1C008939E0 /* Main.storyboard in Resources */ = {isa = PBXBuildFile; fileRef = 538F01A81C7E2D1C008939E0 /* Main.storyboard */; };
		538F01AC1C7E2D1C008939E0 /* Assets.xcassets in Resources */ = {isa = PBXBuildFile; fileRef = 538F01AB1C7E2D1C008939E0 /* Assets.xcassets */; };
		538F01AF1C7E2D1C008939E0 /* LaunchScreen.storyboard in Resources */ = {isa = PBXBuildFile; fileRef = 538F01AD1C7E2D1C008939E0 /* LaunchScreen.storyboard */; };
		538F01BA1C7E2D1D008939E0 /* MemeMeTests.swift in Sources */ = {isa = PBXBuildFile; fileRef = 538F01B91C7E2D1D008939E0 /* MemeMeTests.swift */; };
		53BBCF3A1C8137B000DBDE3A /* Meme.swift in Sources */ = {isa = PBXBuildFile; fileRef = 53BBCF391C8137B000DBDE3A /* Meme.swift */; };
		53BBCF3C1C860BC800DBDE3A /* todo.swift in Sources */ = {isa = PBXBuildFile; fileRef = 53BBCF3B1C860BC800DBDE3A /* todo.swift */; };
		53BBCF3E1C860E0A00DBDE3A /* SentMemesTableViewController.swift in Sources */ = {isa = PBXBuildFile; fileRef = 53BBCF3D1C860E0A00DBDE3A /* SentMemesTableViewController.swift */; };
		53BBCF401C860E2500DBDE3A /* SentMemesCollectionViewController.swift in Sources */ = {isa = PBXBuildFile; fileRef = 53BBCF3F1C860E2500DBDE3A /* SentMemesCollectionViewController.swift */; };
/* End PBXBuildFile section */

/* Begin PBXContainerItemProxy section */
		538F01B61C7E2D1D008939E0 /* PBXContainerItemProxy */ = {
			isa = PBXContainerItemProxy;
			containerPortal = 538F01991C7E2D1C008939E0 /* Project object */;
			proxyType = 1;
			remoteGlobalIDString = 538F01A01C7E2D1C008939E0;
			remoteInfo = MemeMe;
		};
/* End PBXContainerItemProxy section */

/* Begin PBXFileReference section */
		538F01A11C7E2D1C008939E0 /* MemeMe.app */ = {isa = PBXFileReference; explicitFileType = wrapper.application; includeInIndex = 0; path = MemeMe.app; sourceTree = BUILT_PRODUCTS_DIR; };
		538F01A41C7E2D1C008939E0 /* AppDelegate.swift */ = {isa = PBXFileReference; lastKnownFileType = sourcecode.swift; path = AppDelegate.swift; sourceTree = "<group>"; };
		538F01A61C7E2D1C008939E0 /* MemeEditorViewController.swift */ = {isa = PBXFileReference; lastKnownFileType = sourcecode.swift; path = MemeEditorViewController.swift; sourceTree = "<group>"; };
		538F01A91C7E2D1C008939E0 /* Base */ = {isa = PBXFileReference; lastKnownFileType = file.storyboard; name = Base; path = Base.lproj/Main.storyboard; sourceTree = "<group>"; };
		538F01AB1C7E2D1C008939E0 /* Assets.xcassets */ = {isa = PBXFileReference; lastKnownFileType = folder.assetcatalog; path = Assets.xcassets; sourceTree = "<group>"; };
		538F01AE1C7E2D1C008939E0 /* Base */ = {isa = PBXFileReference; lastKnownFileType = file.storyboard; name = Base; path = Base.lproj/LaunchScreen.storyboard; sourceTree = "<group>"; };
		538F01B01C7E2D1C008939E0 /* Info.plist */ = {isa = PBXFileReference; lastKnownFileType = text.plist.xml; path = Info.plist; sourceTree = "<group>"; };
		538F01B51C7E2D1D008939E0 /* MemeMeTests.xctest */ = {isa = PBXFileReference; explicitFileType = wrapper.cfbundle; includeInIndex = 0; path = MemeMeTests.xctest; sourceTree = BUILT_PRODUCTS_DIR; };
		538F01B91C7E2D1D008939E0 /* MemeMeTests.swift */ = {isa = PBXFileReference; lastKnownFileType = sourcecode.swift; path = MemeMeTests.swift; sourceTree = "<group>"; };
		538F01BB1C7E2D1D008939E0 /* Info.plist */ = {isa = PBXFileReference; lastKnownFileType = text.plist.xml; path = Info.plist; sourceTree = "<group>"; };
		53BBCF391C8137B000DBDE3A /* Meme.swift */ = {isa = PBXFileReference; fileEncoding = 4; lastKnownFileType = sourcecode.swift; path = Meme.swift; sourceTree = "<group>"; };
		53BBCF3B1C860BC800DBDE3A /* todo.swift */ = {isa = PBXFileReference; fileEncoding = 4; lastKnownFileType = sourcecode.swift; path = todo.swift; sourceTree = "<group>"; };
		53BBCF3D1C860E0A00DBDE3A /* SentMemesTableViewController.swift */ = {isa = PBXFileReference; fileEncoding = 4; lastKnownFileType = sourcecode.swift; path = SentMemesTableViewController.swift; sourceTree = "<group>"; };
		53BBCF3F1C860E2500DBDE3A /* SentMemesCollectionViewController.swift */ = {isa = PBXFileReference; fileEncoding = 4; lastKnownFileType = sourcecode.swift; path = SentMemesCollectionViewController.swift; sourceTree = "<group>"; };
/* End PBXFileReference section */

/* Begin PBXFrameworksBuildPhase section */
		538F019E1C7E2D1C008939E0 /* Frameworks */ = {
			isa = PBXFrameworksBuildPhase;
			buildActionMask = 2147483647;
			files = (
			);
			runOnlyForDeploymentPostprocessing = 0;
		};
		538F01B21C7E2D1D008939E0 /* Frameworks */ = {
			isa = PBXFrameworksBuildPhase;
			buildActionMask = 2147483647;
			files = (
			);
			runOnlyForDeploymentPostprocessing = 0;
		};
/* End PBXFrameworksBuildPhase section */

/* Begin PBXGroup section */
		538F01981C7E2D1C008939E0 = {
			isa = PBXGroup;
			children = (
				538F01A31C7E2D1C008939E0 /* MemeMe */,
				538F01B81C7E2D1D008939E0 /* MemeMeTests */,
				538F01A21C7E2D1C008939E0 /* Products */,
			);
			sourceTree = "<group>";
		};
		538F01A21C7E2D1C008939E0 /* Products */ = {
			isa = PBXGroup;
			children = (
				538F01A11C7E2D1C008939E0 /* MemeMe.app */,
				538F01B51C7E2D1D008939E0 /* MemeMeTests.xctest */,
			);
			name = Products;
			sourceTree = "<group>";
		};
		538F01A31C7E2D1C008939E0 /* MemeMe */ = {
			isa = PBXGroup;
			children = (
				538F01A41C7E2D1C008939E0 /* AppDelegate.swift */,
				53BBCF3D1C860E0A00DBDE3A /* SentMemesTableViewController.swift */,
				53BBCF3F1C860E2500DBDE3A /* SentMemesCollectionViewController.swift */,
				538F01A61C7E2D1C008939E0 /* MemeEditorViewController.swift */,
				53BBCF3B1C860BC800DBDE3A /* todo.swift */,
				53BBCF391C8137B000DBDE3A /* Meme.swift */,
				538F01A81C7E2D1C008939E0 /* Main.storyboard */,
				538F01AB1C7E2D1C008939E0 /* Assets.xcassets */,
				538F01AD1C7E2D1C008939E0 /* LaunchScreen.storyboard */,
				538F01B01C7E2D1C008939E0 /* Info.plist */,
			);
			path = MemeMe;
			sourceTree = "<group>";
		};
		538F01B81C7E2D1D008939E0 /* MemeMeTests */ = {
			isa = PBXGroup;
			children = (
				538F01B91C7E2D1D008939E0 /* MemeMeTests.swift */,
				538F01BB1C7E2D1D008939E0 /* Info.plist */,
			);
			path = MemeMeTests;
			sourceTree = "<group>";
		};
/* End PBXGroup section */

/* Begin PBXNativeTarget section */
		538F01A01C7E2D1C008939E0 /* MemeMe */ = {
			isa = PBXNativeTarget;
			buildConfigurationList = 538F01BE1C7E2D1D008939E0 /* Build configuration list for PBXNativeTarget "MemeMe" */;
			buildPhases = (
				538F019D1C7E2D1C008939E0 /* Sources */,
				538F019E1C7E2D1C008939E0 /* Frameworks */,
				538F019F1C7E2D1C008939E0 /* Resources */,
			);
			buildRules = (
			);
			dependencies = (
			);
			name = MemeMe;
			productName = MemeMe;
			productReference = 538F01A11C7E2D1C008939E0 /* MemeMe.app */;
			productType = "com.apple.product-type.application";
		};
		538F01B41C7E2D1D008939E0 /* MemeMeTests */ = {
			isa = PBXNativeTarget;
			buildConfigurationList = 538F01C11C7E2D1D008939E0 /* Build configuration list for PBXNativeTarget "MemeMeTests" */;
			buildPhases = (
				538F01B11C7E2D1D008939E0 /* Sources */,
				538F01B21C7E2D1D008939E0 /* Frameworks */,
				538F01B31C7E2D1D008939E0 /* Resources */,
			);
			buildRules = (
			);
			dependencies = (
				538F01B71C7E2D1D008939E0 /* PBXTargetDependency */,
			);
			name = MemeMeTests;
			productName = MemeMeTests;
			productReference = 538F01B51C7E2D1D008939E0 /* MemeMeTests.xctest */;
			productType = "com.apple.product-type.bundle.unit-test";
		};
/* End PBXNativeTarget section */

/* Begin PBXProject section */
		538F01991C7E2D1C008939E0 /* Project object */ = {
			isa = PBXProject;
			attributes = {
				LastSwiftUpdateCheck = 0720;
				LastUpgradeCheck = 0720;
				ORGANIZATIONNAME = keithwgrout;
				TargetAttributes = {
					538F01A01C7E2D1C008939E0 = {
						CreatedOnToolsVersion = 7.2.1;
						DevelopmentTeam = F6JPEL9558;
					};
					538F01B41C7E2D1D008939E0 = {
						CreatedOnToolsVersion = 7.2.1;
						DevelopmentTeam = F6JPEL9558;
						TestTargetID = 538F01A01C7E2D1C008939E0;
					};
				};
			};
			buildConfigurationList = 538F019C1C7E2D1C008939E0 /* Build configuration list for PBXProject "MemeMe" */;
			compatibilityVersion = "Xcode 3.2";
			developmentRegion = English;
			hasScannedForEncodings = 0;
			knownRegions = (
				en,
				Base,
			);
			mainGroup = 538F01981C7E2D1C008939E0;
			productRefGroup = 538F01A21C7E2D1C008939E0 /* Products */;
			projectDirPath = "";
			projectRoot = "";
			targets = (
				538F01A01C7E2D1C008939E0 /* MemeMe */,
				538F01B41C7E2D1D008939E0 /* MemeMeTests */,
			);
		};
/* End PBXProject section */

/* Begin PBXResourcesBuildPhase section */
		538F019F1C7E2D1C008939E0 /* Resources */ = {
			isa = PBXResourcesBuildPhase;
			buildActionMask = 2147483647;
			files = (
				538F01AF1C7E2D1C008939E0 /* LaunchScreen.storyboard in Resources */,
				538F01AC1C7E2D1C008939E0 /* Assets.xcassets in Resources */,
				538F01AA1C7E2D1C008939E0 /* Main.storyboard in Resources */,
			);
			runOnlyForDeploymentPostprocessing = 0;
		};
		538F01B31C7E2D1D008939E0 /* Resources */ = {
			isa = PBXResourcesBuildPhase;
			buildActionMask = 2147483647;
			files = (
			);
			runOnlyForDeploymentPostprocessing = 0;
		};
/* End PBXResourcesBuildPhase section */

/* Begin PBXSourcesBuildPhase section */
		538F019D1C7E2D1C008939E0 /* Sources */ = {
			isa = PBXSourcesBuildPhase;
			buildActionMask = 2147483647;
			files = (
				538F01A71C7E2D1C008939E0 /* MemeEditorViewController.swift in Sources */,
				53BBCF3A1C8137B000DBDE3A /* Meme.swift in Sources */,
				53BBCF401C860E2500DBDE3A /* SentMemesCollectionViewController.swift in Sources */,
				538F01A51C7E2D1C008939E0 /* AppDelegate.swift in Sources */,
				53BBCF3E1C860E0A00DBDE3A /* SentMemesTableViewController.swift in Sources */,
				53BBCF3C1C860BC800DBDE3A /* todo.swift in Sources */,
			);
			runOnlyForDeploymentPostprocessing = 0;
		};
		538F01B11C7E2D1D008939E0 /* Sources */ = {
			isa = PBXSourcesBuildPhase;
			buildActionMask = 2147483647;
			files = (
				538F01BA1C7E2D1D008939E0 /* MemeMeTests.swift in Sources */,
			);
			runOnlyForDeploymentPostprocessing = 0;
		};
/* End PBXSourcesBuildPhase section */

/* Begin PBXTargetDependency section */
		538F01B71C7E2D1D008939E0 /* PBXTargetDependency */ = {
			isa = PBXTargetDependency;
			target = 538F01A01C7E2D1C008939E0 /* MemeMe */;
			targetProxy = 538F01B61C7E2D1D008939E0 /* PBXContainerItemProxy */;
		};
/* End PBXTargetDependency section */

/* Begin PBXVariantGroup section */
		538F01A81C7E2D1C008939E0 /* Main.storyboard */ = {
			isa = PBXVariantGroup;
			children = (
				538F01A91C7E2D1C008939E0 /* Base */,
			);
			name = Main.storyboard;
			sourceTree = "<group>";
		};
		538F01AD1C7E2D1C008939E0 /* LaunchScreen.storyboard */ = {
			isa = PBXVariantGroup;
			children = (
				538F01AE1C7E2D1C008939E0 /* Base */,
			);
			name = LaunchScreen.storyboard;
			sourceTree = "<group>";
		};
/* End PBXVariantGroup section */

/* Begin XCBuildConfiguration section */
		538F01BC1C7E2D1D008939E0 /* Debug */ = {
			isa = XCBuildConfiguration;
			buildSettings = {
				ALWAYS_SEARCH_USER_PATHS = NO;
				CLANG_CXX_LANGUAGE_STANDARD = "gnu++0x";
				CLANG_CXX_LIBRARY = "libc++";
				CLANG_ENABLE_MODULES = YES;
				CLANG_ENABLE_OBJC_ARC = YES;
				CLANG_WARN_BOOL_CONVERSION = YES;
				CLANG_WARN_CONSTANT_CONVERSION = YES;
				CLANG_WARN_DIRECT_OBJC_ISA_USAGE = YES_ERROR;
				CLANG_WARN_EMPTY_BODY = YES;
				CLANG_WARN_ENUM_CONVERSION = YES;
				CLANG_WARN_INT_CONVERSION = YES;
				CLANG_WARN_OBJC_ROOT_CLASS = YES_ERROR;
				CLANG_WARN_UNREACHABLE_CODE = YES;
				CLANG_WARN__DUPLICATE_METHOD_MATCH = YES;
				"CODE_SIGN_IDENTITY[sdk=iphoneos*]" = "iPhone Developer";
				COPY_PHASE_STRIP = NO;
				DEBUG_INFORMATION_FORMAT = dwarf;
				ENABLE_STRICT_OBJC_MSGSEND = YES;
				ENABLE_TESTABILITY = YES;
				GCC_C_LANGUAGE_STANDARD = gnu99;
				GCC_DYNAMIC_NO_PIC = NO;
				GCC_NO_COMMON_BLOCKS = YES;
				GCC_OPTIMIZATION_LEVEL = 0;
				GCC_PREPROCESSOR_DEFINITIONS = (
					"DEBUG=1",
					"$(inherited)",
				);
				GCC_WARN_64_TO_32_BIT_CONVERSION = YES;
				GCC_WARN_ABOUT_RETURN_TYPE = YES_ERROR;
				GCC_WARN_UNDECLARED_SELECTOR = YES;
				GCC_WARN_UNINITIALIZED_AUTOS = YES_AGGRESSIVE;
				GCC_WARN_UNUSED_FUNCTION = YES;
				GCC_WARN_UNUSED_VARIABLE = YES;
				IPHONEOS_DEPLOYMENT_TARGET = 9.2;
				MTL_ENABLE_DEBUG_INFO = YES;
				ONLY_ACTIVE_ARCH = YES;
				SDKROOT = iphoneos;
				SWIFT_OPTIMIZATION_LEVEL = "-Onone";
			};
			name = Debug;
		};
		538F01BD1C7E2D1D008939E0 /* Release */ = {
			isa = XCBuildConfiguration;
			buildSettings = {
				ALWAYS_SEARCH_USER_PATHS = NO;
				CLANG_CXX_LANGUAGE_STANDARD = "gnu++0x";
				CLANG_CXX_LIBRARY = "libc++";
				CLANG_ENABLE_MODULES = YES;
				CLANG_ENABLE_OBJC_ARC = YES;
				CLANG_WARN_BOOL_CONVERSION = YES;
				CLANG_WARN_CONSTANT_CONVERSION = YES;
				CLANG_WARN_DIRECT_OBJC_ISA_USAGE = YES_ERROR;
				CLANG_WARN_EMPTY_BODY = YES;
				CLANG_WARN_ENUM_CONVERSION = YES;
				CLANG_WARN_INT_CONVERSION = YES;
				CLANG_WARN_OBJC_ROOT_CLASS = YES_ERROR;
				CLANG_WARN_UNREACHABLE_CODE = YES;
				CLANG_WARN__DUPLICATE_METHOD_MATCH = YES;
				"CODE_SIGN_IDENTITY[sdk=iphoneos*]" = "iPhone Developer";
				COPY_PHASE_STRIP = NO;
				DEBUG_INFORMATION_FORMAT = "dwarf-with-dsym";
				ENABLE_NS_ASSERTIONS = NO;
				ENABLE_STRICT_OBJC_MSGSEND = YES;
				GCC_C_LANGUAGE_STANDARD = gnu99;
				GCC_NO_COMMON_BLOCKS = YES;
				GCC_WARN_64_TO_32_BIT_CONVERSION = YES;
				GCC_WARN_ABOUT_RETURN_TYPE = YES_ERROR;
				GCC_WARN_UNDECLARED_SELECTOR = YES;
				GCC_WARN_UNINITIALIZED_AUTOS = YES_AGGRESSIVE;
				GCC_WARN_UNUSED_FUNCTION = YES;
				GCC_WARN_UNUSED_VARIABLE = YES;
				IPHONEOS_DEPLOYMENT_TARGET = 9.2;
				MTL_ENABLE_DEBUG_INFO = NO;
				SDKROOT = iphoneos;
				VALIDATE_PRODUCT = YES;
			};
			name = Release;
		};
		538F01BF1C7E2D1D008939E0 /* Debug */ = {
			isa = XCBuildConfiguration;
			buildSettings = {
				ASSETCATALOG_COMPILER_APPICON_NAME = AppIcon;
				INFOPLIST_FILE = MemeMe/Info.plist;
				LD_RUNPATH_SEARCH_PATHS = "$(inherited) @executable_path/Frameworks";
				PRODUCT_BUNDLE_IDENTIFIER = com.keithwgrout.MemeMe;
				PRODUCT_NAME = "$(TARGET_NAME)";
			};
			name = Debug;
		};
		538F01C01C7E2D1D008939E0 /* Release */ = {
			isa = XCBuildConfiguration;
			buildSettings = {
				ASSETCATALOG_COMPILER_APPICON_NAME = AppIcon;
				INFOPLIST_FILE = MemeMe/Info.plist;
				LD_RUNPATH_SEARCH_PATHS = "$(inherited) @executable_path/Frameworks";
				PRODUCT_BUNDLE_IDENTIFIER = com.keithwgrout.MemeMe;
				PRODUCT_NAME = "$(TARGET_NAME)";
			};
			name = Release;
		};
		538F01C21C7E2D1D008939E0 /* Debug */ = {
			isa = XCBuildConfiguration;
			buildSettings = {
				BUNDLE_LOADER = "$(TEST_HOST)";
				INFOPLIST_FILE = MemeMeTests/Info.plist;
				LD_RUNPATH_SEARCH_PATHS = "$(inherited) @executable_path/Frameworks @loader_path/Frameworks";
				PRODUCT_BUNDLE_IDENTIFIER = com.keithwgrout.MemeMeTests;
				PRODUCT_NAME = "$(TARGET_NAME)";
				TEST_HOST = "$(BUILT_PRODUCTS_DIR)/MemeMe.app/MemeMe";
			};
			name = Debug;
		};
		538F01C31C7E2D1D008939E0 /* Release */ = {
			isa = XCBuildConfiguration;
			buildSettings = {
				BUNDLE_LOADER = "$(TEST_HOST)";
				INFOPLIST_FILE = MemeMeTests/Info.plist;
				LD_RUNPATH_SEARCH_PATHS = "$(inherited) @executable_path/Frameworks @loader_path/Frameworks";
				PRODUCT_BUNDLE_IDENTIFIER = com.keithwgrout.MemeMeTests;
				PRODUCT_NAME = "$(TARGET_NAME)";
				TEST_HOST = "$(BUILT_PRODUCTS_DIR)/MemeMe.app/MemeMe";
			};
			name = Release;
		};
/* End XCBuildConfiguration section */

/* Begin XCConfigurationList section */
		538F019C1C7E2D1C008939E0 /* Build configuration list for PBXProject "MemeMe" */ = {
			isa = XCConfigurationList;
			buildConfigurations = (
				538F01BC1C7E2D1D008939E0 /* Debug */,
				538F01BD1C7E2D1D008939E0 /* Release */,
			);
			defaultConfigurationIsVisible = 0;
			defaultConfigurationName = Release;
		};
		538F01BE1C7E2D1D008939E0 /* Build configuration list for PBXNativeTarget "MemeMe" */ = {
			isa = XCConfigurationList;
			buildConfigurations = (
				538F01BF1C7E2D1D008939E0 /* Debug */,
				538F01C01C7E2D1D008939E0 /* Release */,
			);
			defaultConfigurationIsVisible = 0;
			defaultConfigurationName = Release;
		};
		538F01C11C7E2D1D008939E0 /* Build configuration list for PBXNativeTarget "MemeMeTests" */ = {
			isa = XCConfigurationList;
			buildConfigurations = (
				538F01C21C7E2D1D008939E0 /* Debug */,
				538F01C31C7E2D1D008939E0 /* Release */,
			);
			defaultConfigurationIsVisible = 0;
			defaultConfigurationName = Release;
		};
/* End XCConfigurationList section */
	};
	rootObject = 538F01991C7E2D1C008939E0 /* Project object */;
}
